
Microsoft Visual Studio Solution File, Format Version 12.00
# Visual Studio Version 17
VisualStudioVersion = 17.0.32112.339
MinimumVisualStudioVersion = 10.0.40219.1
Project("{F184B08F-C81C-45F6-A57F-5ABD9991F28F}") = "CelebrityBirthday", "CelebrityBirthday\CelebrityBirthday.vbproj", "{B42750C3-E6E8-4607-8FA2-B117D0159EE5}"
EndProject
Project("{54435603-DBB4-11D2-8724-00A0C9A8B90C}") = "CelebrityBirthdayInstall", "CelebrityBirthdayInstall\CelebrityBirthdayInstall.vdproj", "{9A188D69-2C75-44E2-BFAA-D2E5D25D10DC}"
EndProject
Project("{F184B08F-C81C-45F6-A57F-5ABD9991F28F}") = "BirthdayTweets", "BirthdayTweets\BirthdayTweets.vbproj", "{183E0597-882F-4863-8790-27A0754C3DBF}"
EndProject
Project("{F184B08F-C81C-45F6-A57F-5ABD9991F28F}") = "DeathCheck", "DeathCheck\DeathCheck.vbproj", "{6D486E0B-012C-488D-8508-065204BA887D}"
EndProject
Project("{9A19103F-16F7-4668-BE54-9A1E7A4F7556}") = "BlueSkyTest", "BlueSkyTest\BlueSkyTest.csproj", "{3C518DF9-72DF-48AD-8F7D-DDC577099BC6}"
EndProject
Global
	GlobalSection(SolutionConfigurationPlatforms) = preSolution
		Debug|Any CPU = Debug|Any CPU
		Debug|x64 = Debug|x64
		Debug|x86 = Debug|x86
		DefaultBuild|Any CPU = DefaultBuild|Any CPU
		DefaultBuild|x64 = DefaultBuild|x64
		DefaultBuild|x86 = DefaultBuild|x86
		Release|Any CPU = Release|Any CPU
		Release|x64 = Release|x64
		Release|x86 = Release|x86
	EndGlobalSection
	GlobalSection(ProjectConfigurationPlatforms) = postSolution
		{B42750C3-E6E8-4607-8FA2-B117D0159EE5}.Debug|Any CPU.ActiveCfg = Debug|Any CPU
		{B42750C3-E6E8-4607-8FA2-B117D0159EE5}.Debug|Any CPU.Build.0 = Debug|Any CPU
		{B42750C3-E6E8-4607-8FA2-B117D0159EE5}.Debug|x64.ActiveCfg = Debug|Any CPU
		{B42750C3-E6E8-4607-8FA2-B117D0159EE5}.Debug|x64.Build.0 = Debug|Any CPU
		{B42750C3-E6E8-4607-8FA2-B117D0159EE5}.Debug|x86.ActiveCfg = Debug|x86
		{B42750C3-E6E8-4607-8FA2-B117D0159EE5}.Debug|x86.Build.0 = Debug|x86
		{B42750C3-E6E8-4607-8FA2-B117D0159EE5}.DefaultBuild|Any CPU.ActiveCfg = Debug|Any CPU
		{B42750C3-E6E8-4607-8FA2-B117D0159EE5}.DefaultBuild|Any CPU.Build.0 = Debug|Any CPU
		{B42750C3-E6E8-4607-8FA2-B117D0159EE5}.DefaultBuild|x64.ActiveCfg = Debug|Any CPU
		{B42750C3-E6E8-4607-8FA2-B117D0159EE5}.DefaultBuild|x64.Build.0 = Debug|Any CPU
		{B42750C3-E6E8-4607-8FA2-B117D0159EE5}.DefaultBuild|x86.ActiveCfg = Debug|x86
		{B42750C3-E6E8-4607-8FA2-B117D0159EE5}.DefaultBuild|x86.Build.0 = Debug|x86
		{B42750C3-E6E8-4607-8FA2-B117D0159EE5}.Release|Any CPU.ActiveCfg = Release|Any CPU
		{B42750C3-E6E8-4607-8FA2-B117D0159EE5}.Release|Any CPU.Build.0 = Release|Any CPU
		{B42750C3-E6E8-4607-8FA2-B117D0159EE5}.Release|x64.ActiveCfg = Release|Any CPU
		{B42750C3-E6E8-4607-8FA2-B117D0159EE5}.Release|x64.Build.0 = Release|Any CPU
		{B42750C3-E6E8-4607-8FA2-B117D0159EE5}.Release|x86.ActiveCfg = Release|x86
		{B42750C3-E6E8-4607-8FA2-B117D0159EE5}.Release|x86.Build.0 = Release|x86
		{9A188D69-2C75-44E2-BFAA-D2E5D25D10DC}.Debug|Any CPU.ActiveCfg = Debug
		{9A188D69-2C75-44E2-BFAA-D2E5D25D10DC}.Debug|Any CPU.Build.0 = Debug
		{9A188D69-2C75-44E2-BFAA-D2E5D25D10DC}.Debug|x64.ActiveCfg = Debug
		{9A188D69-2C75-44E2-BFAA-D2E5D25D10DC}.Debug|x64.Build.0 = Debug
		{9A188D69-2C75-44E2-BFAA-D2E5D25D10DC}.Debug|x86.ActiveCfg = Debug
		{9A188D69-2C75-44E2-BFAA-D2E5D25D10DC}.Debug|x86.Build.0 = Debug
		{9A188D69-2C75-44E2-BFAA-D2E5D25D10DC}.DefaultBuild|Any CPU.ActiveCfg = Debug
		{9A188D69-2C75-44E2-BFAA-D2E5D25D10DC}.DefaultBuild|Any CPU.Build.0 = Debug
		{9A188D69-2C75-44E2-BFAA-D2E5D25D10DC}.DefaultBuild|x64.ActiveCfg = Debug
		{9A188D69-2C75-44E2-BFAA-D2E5D25D10DC}.DefaultBuild|x64.Build.0 = Debug
		{9A188D69-2C75-44E2-BFAA-D2E5D25D10DC}.DefaultBuild|x86.ActiveCfg = Debug
		{9A188D69-2C75-44E2-BFAA-D2E5D25D10DC}.DefaultBuild|x86.Build.0 = Debug
		{9A188D69-2C75-44E2-BFAA-D2E5D25D10DC}.Release|Any CPU.ActiveCfg = Release
		{9A188D69-2C75-44E2-BFAA-D2E5D25D10DC}.Release|Any CPU.Build.0 = Release
		{9A188D69-2C75-44E2-BFAA-D2E5D25D10DC}.Release|x64.ActiveCfg = Release
		{9A188D69-2C75-44E2-BFAA-D2E5D25D10DC}.Release|x64.Build.0 = Release
		{9A188D69-2C75-44E2-BFAA-D2E5D25D10DC}.Release|x86.ActiveCfg = Release
		{9A188D69-2C75-44E2-BFAA-D2E5D25D10DC}.Release|x86.Build.0 = Release
		{183E0597-882F-4863-8790-27A0754C3DBF}.Debug|Any CPU.ActiveCfg = Debug|Any CPU
		{183E0597-882F-4863-8790-27A0754C3DBF}.Debug|Any CPU.Build.0 = Debug|Any CPU
		{183E0597-882F-4863-8790-27A0754C3DBF}.Debug|x64.ActiveCfg = Debug|Any CPU
		{183E0597-882F-4863-8790-27A0754C3DBF}.Debug|x64.Build.0 = Debug|Any CPU
		{183E0597-882F-4863-8790-27A0754C3DBF}.Debug|x86.ActiveCfg = Debug|Any CPU
		{183E0597-882F-4863-8790-27A0754C3DBF}.Debug|x86.Build.0 = Debug|Any CPU
		{183E0597-882F-4863-8790-27A0754C3DBF}.DefaultBuild|Any CPU.ActiveCfg = Debug|Any CPU
		{183E0597-882F-4863-8790-27A0754C3DBF}.DefaultBuild|Any CPU.Build.0 = Debug|Any CPU
		{183E0597-882F-4863-8790-27A0754C3DBF}.DefaultBuild|x64.ActiveCfg = Debug|Any CPU
		{183E0597-882F-4863-8790-27A0754C3DBF}.DefaultBuild|x64.Build.0 = Debug|Any CPU
		{183E0597-882F-4863-8790-27A0754C3DBF}.DefaultBuild|x86.ActiveCfg = Debug|Any CPU
		{183E0597-882F-4863-8790-27A0754C3DBF}.DefaultBuild|x86.Build.0 = Debug|Any CPU
		{183E0597-882F-4863-8790-27A0754C3DBF}.Release|Any CPU.ActiveCfg = Release|Any CPU
		{183E0597-882F-4863-8790-27A0754C3DBF}.Release|Any CPU.Build.0 = Release|Any CPU
		{183E0597-882F-4863-8790-27A0754C3DBF}.Release|x64.ActiveCfg = Release|Any CPU
		{183E0597-882F-4863-8790-27A0754C3DBF}.Release|x64.Build.0 = Release|Any CPU
		{183E0597-882F-4863-8790-27A0754C3DBF}.Release|x86.ActiveCfg = Release|Any CPU
		{183E0597-882F-4863-8790-27A0754C3DBF}.Release|x86.Build.0 = Release|Any CPU
		{6D486E0B-012C-488D-8508-065204BA887D}.Debug|Any CPU.ActiveCfg = Debug|Any CPU
		{6D486E0B-012C-488D-8508-065204BA887D}.Debug|Any CPU.Build.0 = Debug|Any CPU
		{6D486E0B-012C-488D-8508-065204BA887D}.Debug|x64.ActiveCfg = Debug|Any CPU
		{6D486E0B-012C-488D-8508-065204BA887D}.Debug|x64.Build.0 = Debug|Any CPU
		{6D486E0B-012C-488D-8508-065204BA887D}.Debug|x86.ActiveCfg = Debug|Any CPU
		{6D486E0B-012C-488D-8508-065204BA887D}.Debug|x86.Build.0 = Debug|Any CPU
		{6D486E0B-012C-488D-8508-065204BA887D}.DefaultBuild|Any CPU.ActiveCfg = Debug|Any CPU
		{6D486E0B-012C-488D-8508-065204BA887D}.DefaultBuild|Any CPU.Build.0 = Debug|Any CPU
		{6D486E0B-012C-488D-8508-065204BA887D}.DefaultBuild|x64.ActiveCfg = Debug|Any CPU
		{6D486E0B-012C-488D-8508-065204BA887D}.DefaultBuild|x64.Build.0 = Debug|Any CPU
		{6D486E0B-012C-488D-8508-065204BA887D}.DefaultBuild|x86.ActiveCfg = Debug|Any CPU
		{6D486E0B-012C-488D-8508-065204BA887D}.DefaultBuild|x86.Build.0 = Debug|Any CPU
		{6D486E0B-012C-488D-8508-065204BA887D}.Release|Any CPU.ActiveCfg = Release|Any CPU
		{6D486E0B-012C-488D-8508-065204BA887D}.Release|Any CPU.Build.0 = Release|Any CPU
		{6D486E0B-012C-488D-8508-065204BA887D}.Release|x64.ActiveCfg = Release|Any CPU
		{6D486E0B-012C-488D-8508-065204BA887D}.Release|x64.Build.0 = Release|Any CPU
		{6D486E0B-012C-488D-8508-065204BA887D}.Release|x86.ActiveCfg = Release|Any CPU
		{6D486E0B-012C-488D-8508-065204BA887D}.Release|x86.Build.0 = Release|Any CPU
		{3C518DF9-72DF-48AD-8F7D-DDC577099BC6}.Debug|Any CPU.ActiveCfg = Debug|Any CPU
		{3C518DF9-72DF-48AD-8F7D-DDC577099BC6}.Debug|Any CPU.Build.0 = Debug|Any CPU
		{3C518DF9-72DF-48AD-8F7D-DDC577099BC6}.Debug|x64.ActiveCfg = Debug|Any CPU
		{3C518DF9-72DF-48AD-8F7D-DDC577099BC6}.Debug|x64.Build.0 = Debug|Any CPU
		{3C518DF9-72DF-48AD-8F7D-DDC577099BC6}.Debug|x86.ActiveCfg = Debug|Any CPU
		{3C518DF9-72DF-48AD-8F7D-DDC577099BC6}.Debug|x86.Build.0 = Debug|Any CPU
		{3C518DF9-72DF-48AD-8F7D-DDC577099BC6}.DefaultBuild|Any CPU.ActiveCfg = Debug|Any CPU
		{3C518DF9-72DF-48AD-8F7D-DDC577099BC6}.DefaultBuild|Any CPU.Build.0 = Debug|Any CPU
		{3C518DF9-72DF-48AD-8F7D-DDC577099BC6}.DefaultBuild|x64.ActiveCfg = Debug|Any CPU
		{3C518DF9-72DF-48AD-8F7D-DDC577099BC6}.DefaultBuild|x64.Build.0 = Debug|Any CPU
		{3C518DF9-72DF-48AD-8F7D-DDC577099BC6}.DefaultBuild|x86.ActiveCfg = Debug|Any CPU
		{3C518DF9-72DF-48AD-8F7D-DDC577099BC6}.DefaultBuild|x86.Build.0 = Debug|Any CPU
		{3C518DF9-72DF-48AD-8F7D-DDC577099BC6}.Release|Any CPU.ActiveCfg = Release|Any CPU
		{3C518DF9-72DF-48AD-8F7D-DDC577099BC6}.Release|Any CPU.Build.0 = Release|Any CPU
		{3C518DF9-72DF-48AD-8F7D-DDC577099BC6}.Release|x64.ActiveCfg = Release|Any CPU
		{3C518DF9-72DF-48AD-8F7D-DDC577099BC6}.Release|x64.Build.0 = Release|Any CPU
		{3C518DF9-72DF-48AD-8F7D-DDC577099BC6}.Release|x86.ActiveCfg = Release|Any CPU
		{3C518DF9-72DF-48AD-8F7D-DDC577099BC6}.Release|x86.Build.0 = Release|Any CPU
	EndGlobalSection
	GlobalSection(SolutionProperties) = preSolution
		HideSolutionNode = FALSE
	EndGlobalSection
	GlobalSection(ExtensibilityGlobals) = postSolution
		SolutionGuid = {3E72C163-C8D6-4142-BF5F-D8EB7028C17E}
	EndGlobalSection
EndGlobal
